
Microsoft Visual Studio Solution File, Format Version 12.00
# Visual Studio Version 16
VisualStudioVersion = 16.0.30804.86
MinimumVisualStudioVersion = 10.0.40219.1
Project("{FAE04EC0-301F-11D3-BF4B-00C04F79EFBC}") = "MorePayments", "MorePayments\MorePayments.csproj", "{CA1396B3-28E8-4861-AB42-1AB85D5A2EBF}"
EndProject
Global
	GlobalSection(SolutionConfigurationPlatforms) = preSolution
		Debug|Any CPU = Debug|Any CPU
		Release|Any CPU = Release|Any CPU
	EndGlobalSection
	GlobalSection(ProjectConfigurationPlatforms) = postSolution
		{CA1396B3-28E8-4861-AB42-1AB85D5A2EBF}.Debug|Any CPU.ActiveCfg = Debug|Any CPU
		{CA1396B3-28E8-4861-AB42-1AB85D5A2EBF}.Debug|Any CPU.Build.0 = Debug|Any CPU
		{CA1396B3-28E8-4861-AB42-1AB85D5A2EBF}.Release|Any CPU.ActiveCfg = Release|Any CPU
		{CA1396B3-28E8-4861-AB42-1AB85D5A2EBF}.Release|Any CPU.Build.0 = Release|Any CPU
	EndGlobalSection
	GlobalSection(SolutionProperties) = preSolution
		HideSolutionNode = FALSE
	EndGlobalSection
	GlobalSection(ExtensibilityGlobals) = postSolution
		SolutionGuid = {3E5DDF1E-B170-4D47-A46A-BEE00B9C721D}
	EndGlobalSection
EndGlobal
